# THIS IS AN AUTOGENERATED FILE. DO NOT EDIT THIS FILE DIRECTLY.
# yarn lockfile v1


typescript@next:
  version "3.4.0-dev.20190323"
  resolved "https://artifactory.palantir.build/artifactory/api/npm/all-npm/typescript/-/typescript-3.4.0-dev.20190323.tgz#044b7f85a5349c3e7b421e8b7712e393c52ed78c"
  integrity sha1-BEt/haU0nD57Qh6LdxLjk8Uu14w=
